{
  "originHash" : "ebc9efb4a0409e9857d36469f7bb495a3613910cb8b56d49e2db87f1d6b3c614",
  "pins" : [
    {
      "identity" : "jsondata",
      "kind" : "remoteSourceControl",
      "location" : "https://github.com/zxss702/JsonData.git",
      "state" : {
        "branch" : "main",
        "revision" : "b62c730294dcc9b482098dd5911774303706db0c"
      }
    },
    {
      "identity" : "swift-syntax",
      "kind" : "remoteSourceControl",
      "location" : "https://github.com/swiftlang/swift-syntax.git",
      "state" : {
        "revision" : "79e4b74a295b6eb74a8b585e3a39d29e70c1dbd1",
        "version" : "603.0.2"
      }
    }
  ],
  "version" : 3
}
